
Microsoft Visual Studio Solution File, Format Version 12.00
# Visual Studio 14
VisualStudioVersion = 14.0.24720.0
MinimumVisualStudioVersion = 10.0.40219.1
Project("{2150E333-8FDC-42A3-9474-1A3956D46DE8}") = "PublishScripts", "PublishScripts", "{6DDC0D64-D25F-4AC5-B76A-3921AB549F27}"
EndProject
Project("{2150E333-8FDC-42A3-9474-1A3956D46DE8}") = "Configurations", "Configurations", "{EFA2EF69-5004-4B39-80C8-6E8D443B49AA}"
	ProjectSection(SolutionItems) = preProject
		PublishScripts\Configurations\SignalRChat-WAWS-dev.json = PublishScripts\Configurations\SignalRChat-WAWS-dev.json
	EndProjectSection
EndProject
Project("{FAE04EC0-301F-11D3-BF4B-00C04F79EFBC}") = "SignalRChat", "SignalRChat\SignalRChat.csproj", "{CDF1363C-3283-4A6D-839E-897BC2937591}"
EndProject
Global
	GlobalSection(SolutionConfigurationPlatforms) = preSolution
		Debug|Any CPU = Debug|Any CPU
		Release|Any CPU = Release|Any CPU
	EndGlobalSection
	GlobalSection(ProjectConfigurationPlatforms) = postSolution
		{CDF1363C-3283-4A6D-839E-897BC2937591}.Debug|Any CPU.ActiveCfg = Debug|Any CPU
		{CDF1363C-3283-4A6D-839E-897BC2937591}.Debug|Any CPU.Build.0 = Debug|Any CPU
		{CDF1363C-3283-4A6D-839E-897BC2937591}.Release|Any CPU.ActiveCfg = Release|Any CPU
		{CDF1363C-3283-4A6D-839E-897BC2937591}.Release|Any CPU.Build.0 = Release|Any CPU
	EndGlobalSection
	GlobalSection(SolutionProperties) = preSolution
		HideSolutionNode = FALSE
	EndGlobalSection
	GlobalSection(NestedProjects) = preSolution
		{EFA2EF69-5004-4B39-80C8-6E8D443B49AA} = {6DDC0D64-D25F-4AC5-B76A-3921AB549F27}
	EndGlobalSection
EndGlobal
